
Microsoft Visual Studio Solution File, Format Version 12.00
# Visual Studio Version 17
VisualStudioVersion = 17.3.32804.467
MinimumVisualStudioVersion = 10.0.40219.1
Project("{FAE04EC0-301F-11D3-BF4B-00C04F79EFBC}") = "ASPNET", "ASPNET.csproj", "{A4BBED94-B536-4D09-BE15-E78FBEE1928D}"
EndProject
Project("{FAE04EC0-301F-11D3-BF4B-00C04F79EFBC}") = "migrate-with-yarp-core", "migrate-with-yarp-core\migrate-with-yarp-core.csproj", "{E80E7DBE-774D-4807-81FA-D2A883093CD0}"
EndProject
Global
	GlobalSection(SolutionConfigurationPlatforms) = preSolution
		Debug|Any CPU = Debug|Any CPU
		Release|Any CPU = Release|Any CPU
	EndGlobalSection
	GlobalSection(ProjectConfigurationPlatforms) = postSolution
		{A4BBED94-B536-4D09-BE15-E78FBEE1928D}.Debug|Any CPU.ActiveCfg = Debug|Any CPU
		{A4BBED94-B536-4D09-BE15-E78FBEE1928D}.Debug|Any CPU.Build.0 = Debug|Any CPU
		{A4BBED94-B536-4D09-BE15-E78FBEE1928D}.Release|Any CPU.ActiveCfg = Release|Any CPU
		{A4BBED94-B536-4D09-BE15-E78FBEE1928D}.Release|Any CPU.Build.0 = Release|Any CPU
		{E80E7DBE-774D-4807-81FA-D2A883093CD0}.Debug|Any CPU.ActiveCfg = Debug|Any CPU
		{E80E7DBE-774D-4807-81FA-D2A883093CD0}.Debug|Any CPU.Build.0 = Debug|Any CPU
		{E80E7DBE-774D-4807-81FA-D2A883093CD0}.Release|Any CPU.ActiveCfg = Release|Any CPU
		{E80E7DBE-774D-4807-81FA-D2A883093CD0}.Release|Any CPU.Build.0 = Release|Any CPU
	EndGlobalSection
	GlobalSection(SolutionProperties) = preSolution
		HideSolutionNode = FALSE
	EndGlobalSection
	GlobalSection(ExtensibilityGlobals) = postSolution
		SolutionGuid = {35ED0D99-0643-49A4-BCB9-6F94D09B082E}
	EndGlobalSection
EndGlobal
